
Microsoft Visual Studio Solution File, Format Version 12.00
# Visual Studio Version 17
VisualStudioVersion = 17.0.31912.275
MinimumVisualStudioVersion = 10.0.40219.1
Project("{FAE04EC0-301F-11D3-BF4B-00C04F79EFBC}") = "PRACTICA_AEAE_3_MVC", "PRACTICA_AEAE_3_MVC\PRACTICA_AEAE_3_MVC.csproj", "{D4CE2E89-E1A0-45DF-93B2-83B05E2ACD69}"
EndProject
Global
	GlobalSection(SolutionConfigurationPlatforms) = preSolution
		Debug|Any CPU = Debug|Any CPU
		Release|Any CPU = Release|Any CPU
	EndGlobalSection
	GlobalSection(ProjectConfigurationPlatforms) = postSolution
		{D4CE2E89-E1A0-45DF-93B2-83B05E2ACD69}.Debug|Any CPU.ActiveCfg = Debug|Any CPU
		{D4CE2E89-E1A0-45DF-93B2-83B05E2ACD69}.Debug|Any CPU.Build.0 = Debug|Any CPU
		{D4CE2E89-E1A0-45DF-93B2-83B05E2ACD69}.Release|Any CPU.ActiveCfg = Release|Any CPU
		{D4CE2E89-E1A0-45DF-93B2-83B05E2ACD69}.Release|Any CPU.Build.0 = Release|Any CPU
	EndGlobalSection
	GlobalSection(SolutionProperties) = preSolution
		HideSolutionNode = FALSE
	EndGlobalSection
	GlobalSection(ExtensibilityGlobals) = postSolution
		SolutionGuid = {D8936896-5195-4810-9BF9-C9CCB3EB9B74}
	EndGlobalSection
EndGlobal
